PODS:
  - Alamofire (5.7.1)
  - ProgressHUD (13.7.2)
  - PublishTest1 (0.2.0):
    - Alamofire
    - ProgressHUD

DEPENDENCIES:
  - PublishTest1 (from `../`)

SPEC REPOS:
  trunk:
    - Alamofire
    - ProgressHUD

EXTERNAL SOURCES:
  PublishTest1:
    :path: "../"

SPEC CHECKSUMS:
  Alamofire: 0123a34370cb170936ae79a8df46cc62b2edeb88
  ProgressHUD: 093d24ca970f191744017bee2649e37d0cd1c5b9
  PublishTest1: 7e233b00421c5f3e1aa269d579c120f0cba7b5cf

PODFILE CHECKSUM: 2db8a13d1aeca6b6240d19ab8354adf21806387b

COCOAPODS: 1.12.1
